
Microsoft Visual Studio Solution File, Format Version 12.00
# Visual Studio Version 17
VisualStudioVersion = 17.9.34728.123
MinimumVisualStudioVersion = 10.0.40219.1
Project("{9A19103F-16F7-4668-BE54-9A1E7A4F7556}") = "EFDBsf2", "EFDBsf2\EFDBsf2.csproj", "{196C04D2-58A3-4224-8A7A-A307042F2107}"
EndProject
Global
	GlobalSection(SolutionConfigurationPlatforms) = preSolution
		Debug|Any CPU = Debug|Any CPU
		Release|Any CPU = Release|Any CPU
	EndGlobalSection
	GlobalSection(ProjectConfigurationPlatforms) = postSolution
		{196C04D2-58A3-4224-8A7A-A307042F2107}.Debug|Any CPU.ActiveCfg = Debug|Any CPU
		{196C04D2-58A3-4224-8A7A-A307042F2107}.Debug|Any CPU.Build.0 = Debug|Any CPU
		{196C04D2-58A3-4224-8A7A-A307042F2107}.Release|Any CPU.ActiveCfg = Release|Any CPU
		{196C04D2-58A3-4224-8A7A-A307042F2107}.Release|Any CPU.Build.0 = Release|Any CPU
	EndGlobalSection
	GlobalSection(SolutionProperties) = preSolution
		HideSolutionNode = FALSE
	EndGlobalSection
	GlobalSection(ExtensibilityGlobals) = postSolution
		SolutionGuid = {F242FE04-6877-4439-8062-21E39AE123F5}
	EndGlobalSection
EndGlobal
