
Microsoft Visual Studio Solution File, Format Version 12.00
# Visual Studio Version 17
VisualStudioVersion = 17.9.34728.123
MinimumVisualStudioVersion = 10.0.40219.1
Project("{FAE04EC0-301F-11D3-BF4B-00C04F79EFBC}") = "ConsoleAppEfDb1", "ConsoleAppEfDb1\ConsoleAppEfDb1.csproj", "{08B79430-A3EB-47BC-8355-A8BB8D364F87}"
EndProject
Global
	GlobalSection(SolutionConfigurationPlatforms) = preSolution
		Debug|Any CPU = Debug|Any CPU
		Release|Any CPU = Release|Any CPU
	EndGlobalSection
	GlobalSection(ProjectConfigurationPlatforms) = postSolution
		{08B79430-A3EB-47BC-8355-A8BB8D364F87}.Debug|Any CPU.ActiveCfg = Debug|Any CPU
		{08B79430-A3EB-47BC-8355-A8BB8D364F87}.Debug|Any CPU.Build.0 = Debug|Any CPU
		{08B79430-A3EB-47BC-8355-A8BB8D364F87}.Release|Any CPU.ActiveCfg = Release|Any CPU
		{08B79430-A3EB-47BC-8355-A8BB8D364F87}.Release|Any CPU.Build.0 = Release|Any CPU
	EndGlobalSection
	GlobalSection(SolutionProperties) = preSolution
		HideSolutionNode = FALSE
	EndGlobalSection
	GlobalSection(ExtensibilityGlobals) = postSolution
		SolutionGuid = {C43B349A-D629-4C98-A117-53505ADFEBA0}
	EndGlobalSection
EndGlobal
